
Microsoft Visual Studio Solution File, Format Version 12.00
# Visual Studio Version 16
VisualStudioVersion = 16.0.31424.327
MinimumVisualStudioVersion = 10.0.40219.1
Project("{FAE04EC0-301F-11D3-BF4B-00C04F79EFBC}") = "BirEldeSenUzat", "BirEldeSenUzat\BirEldeSenUzat.csproj", "{D4D17E15-B409-49C2-BAEE-26B43E73D4F5}"
EndProject
Global
	GlobalSection(SolutionConfigurationPlatforms) = preSolution
		Debug|Any CPU = Debug|Any CPU
		Release|Any CPU = Release|Any CPU
	EndGlobalSection
	GlobalSection(ProjectConfigurationPlatforms) = postSolution
		{D4D17E15-B409-49C2-BAEE-26B43E73D4F5}.Debug|Any CPU.ActiveCfg = Debug|Any CPU
		{D4D17E15-B409-49C2-BAEE-26B43E73D4F5}.Debug|Any CPU.Build.0 = Debug|Any CPU
		{D4D17E15-B409-49C2-BAEE-26B43E73D4F5}.Release|Any CPU.ActiveCfg = Release|Any CPU
		{D4D17E15-B409-49C2-BAEE-26B43E73D4F5}.Release|Any CPU.Build.0 = Release|Any CPU
	EndGlobalSection
	GlobalSection(SolutionProperties) = preSolution
		HideSolutionNode = FALSE
	EndGlobalSection
	GlobalSection(ExtensibilityGlobals) = postSolution
		SolutionGuid = {99DE0EDD-0BD8-471C-9C8F-A239251C59F1}
	EndGlobalSection
EndGlobal
